github.com/chewxy/math32 v1.10.1 h1:LFpeY0SLJXeaiej/eIp2L40VYfscTvKh/FSEZ68uMkU=
github.com/chewxy/math32 v1.10.1/go.mod h1:dOB2rcuFrCn6UHrze36WSLVPKtzPMRAQvBvUwkSsLqs=
github.com/fzipp/geom v1.0.0 h1:QhTKV8gNOBdyCNE8hlv4UKmUNYtxzds/Z392LwH4uQw=
github.com/fzipp/geom v1.0.0/go.mod h1:gdaEjeI2z7tzxsrDwK86/4qZF3dbkoEhuGY+NCJLV6M=
